
Microsoft Visual Studio Solution File, Format Version 12.00
# Visual Studio Version 17
VisualStudioVersion = 17.10.35013.160
MinimumVisualStudioVersion = 10.0.40219.1
Project("{FAE04EC0-301F-11D3-BF4B-00C04F79EFBC}") = "Practico2", "Practico2.csproj", "{C41900DE-D46C-40C3-B381-75F454076442}"
EndProject
Global
	GlobalSection(SolutionConfigurationPlatforms) = preSolution
		Debug|Any CPU = Debug|Any CPU
		Release|Any CPU = Release|Any CPU
	EndGlobalSection
	GlobalSection(ProjectConfigurationPlatforms) = postSolution
		{C41900DE-D46C-40C3-B381-75F454076442}.Debug|Any CPU.ActiveCfg = Debug|Any CPU
		{C41900DE-D46C-40C3-B381-75F454076442}.Debug|Any CPU.Build.0 = Debug|Any CPU
		{C41900DE-D46C-40C3-B381-75F454076442}.Release|Any CPU.ActiveCfg = Release|Any CPU
		{C41900DE-D46C-40C3-B381-75F454076442}.Release|Any CPU.Build.0 = Release|Any CPU
	EndGlobalSection
	GlobalSection(SolutionProperties) = preSolution
		HideSolutionNode = FALSE
	EndGlobalSection
	GlobalSection(ExtensibilityGlobals) = postSolution
		SolutionGuid = {4F77D872-635D-4119-8F89-7BBF2EF4E756}
	EndGlobalSection
EndGlobal
